
Microsoft Visual Studio Solution File, Format Version 12.00
# Visual Studio Version 16
VisualStudioVersion = 16.0.31624.102
MinimumVisualStudioVersion = 10.0.40219.1
Project("{8BC9CEB8-8B4A-11D0-8D11-00A0C91BC942}") = "BuildingBlocksGAME2001", "BuildingBlocksGAME2001\BuildingBlocksGAME2001.vcxproj", "{3F88CFBD-B891-41B0-9FEF-C644321440F9}"
EndProject
Project("{8BC9CEB8-8B4A-11D0-8D11-00A0C91BC942}") = "Lab 1 examples", "Lab 1 examples\Lab 1 examples.vcxproj", "{3998CB26-51A8-4918-BDA5-5B5E4761B4B5}"
EndProject
Global
	GlobalSection(SolutionConfigurationPlatforms) = preSolution
		Debug|x64 = Debug|x64
		Debug|x86 = Debug|x86
		Release|x64 = Release|x64
		Release|x86 = Release|x86
	EndGlobalSection
	GlobalSection(ProjectConfigurationPlatforms) = postSolution
		{3F88CFBD-B891-41B0-9FEF-C644321440F9}.Debug|x64.ActiveCfg = Debug|x64
		{3F88CFBD-B891-41B0-9FEF-C644321440F9}.Debug|x64.Build.0 = Debug|x64
		{3F88CFBD-B891-41B0-9FEF-C644321440F9}.Debug|x86.ActiveCfg = Debug|Win32
		{3F88CFBD-B891-41B0-9FEF-C644321440F9}.Debug|x86.Build.0 = Debug|Win32
		{3F88CFBD-B891-41B0-9FEF-C644321440F9}.Release|x64.ActiveCfg = Release|x64
		{3F88CFBD-B891-41B0-9FEF-C644321440F9}.Release|x64.Build.0 = Release|x64
		{3F88CFBD-B891-41B0-9FEF-C644321440F9}.Release|x86.ActiveCfg = Release|Win32
		{3F88CFBD-B891-41B0-9FEF-C644321440F9}.Release|x86.Build.0 = Release|Win32
		{3998CB26-51A8-4918-BDA5-5B5E4761B4B5}.Debug|x64.ActiveCfg = Debug|x64
		{3998CB26-51A8-4918-BDA5-5B5E4761B4B5}.Debug|x64.Build.0 = Debug|x64
		{3998CB26-51A8-4918-BDA5-5B5E4761B4B5}.Debug|x86.ActiveCfg = Debug|Win32
		{3998CB26-51A8-4918-BDA5-5B5E4761B4B5}.Debug|x86.Build.0 = Debug|Win32
		{3998CB26-51A8-4918-BDA5-5B5E4761B4B5}.Release|x64.ActiveCfg = Release|x64
		{3998CB26-51A8-4918-BDA5-5B5E4761B4B5}.Release|x64.Build.0 = Release|x64
		{3998CB26-51A8-4918-BDA5-5B5E4761B4B5}.Release|x86.ActiveCfg = Release|Win32
		{3998CB26-51A8-4918-BDA5-5B5E4761B4B5}.Release|x86.Build.0 = Release|Win32
	EndGlobalSection
	GlobalSection(SolutionProperties) = preSolution
		HideSolutionNode = FALSE
	EndGlobalSection
	GlobalSection(ExtensibilityGlobals) = postSolution
		SolutionGuid = {B91D1ECE-CAEB-4B1F-B5F6-FF52D68AD0A4}
	EndGlobalSection
EndGlobal
